
Microsoft Visual Studio Solution File, Format Version 12.00
# Visual Studio Version 17
VisualStudioVersion = 17.5.002.0
MinimumVisualStudioVersion = 10.0.40219.1
Project("{2150E333-8FDC-42A3-9474-1A3956D46DE8}") = "src", "src", "{C13E7547-9ABB-4A56-A745-F46E195D842E}"
EndProject
Project("{9A19103F-16F7-4668-BE54-9A1E7A4F7556}") = "AzFuncUni.Http", "src\AzFuncUni.Http\AzFuncUni.Http.csproj", "{1E07F7F2-E11A-4075-9F6E-B4EE62F145DA}"
EndProject
Global
	GlobalSection(SolutionConfigurationPlatforms) = preSolution
		Debug|Any CPU = Debug|Any CPU
		Release|Any CPU = Release|Any CPU
	EndGlobalSection
	GlobalSection(ProjectConfigurationPlatforms) = postSolution
		{1E07F7F2-E11A-4075-9F6E-B4EE62F145DA}.Debug|Any CPU.ActiveCfg = Debug|Any CPU
		{1E07F7F2-E11A-4075-9F6E-B4EE62F145DA}.Debug|Any CPU.Build.0 = Debug|Any CPU
		{1E07F7F2-E11A-4075-9F6E-B4EE62F145DA}.Release|Any CPU.ActiveCfg = Release|Any CPU
		{1E07F7F2-E11A-4075-9F6E-B4EE62F145DA}.Release|Any CPU.Build.0 = Release|Any CPU
	EndGlobalSection
	GlobalSection(SolutionProperties) = preSolution
		HideSolutionNode = FALSE
	EndGlobalSection
	GlobalSection(NestedProjects) = preSolution
		{1E07F7F2-E11A-4075-9F6E-B4EE62F145DA} = {C13E7547-9ABB-4A56-A745-F46E195D842E}
	EndGlobalSection
	GlobalSection(ExtensibilityGlobals) = postSolution
		SolutionGuid = {D16A11F2-34BF-4405-B186-52ED4BE649F0}
	EndGlobalSection
EndGlobal
